Microsoft Visual Studio Solution File, Format Version 12.00
# Visual Studio Version 17
VisualStudioVersion = 17.5.2.0
MinimumVisualStudioVersion = 10.0.40219.1
Project("{2150E333-8FDC-42A3-9474-1A3956D46DE8}") = "Topic 1", "Topic 1", "{1C819DDE-C990-7D0A-CD14-B8F76BB7D811}"
EndProject
Project("{FAE04EC0-301F-11D3-BF4B-00C04F79EFBC}") = "IntroTopic", "Topic 1\IntroTopic\IntroTopic.csproj", "{ED6A12C4-E2B4-C8E5-5E81-3F38529554E4}"
EndProject
Project("{FAE04EC0-301F-11D3-BF4B-00C04F79EFBC}") = "PayrollCalculator", "Topic 1\PayrollCalculator\PayrollCalculator.csproj", "{D3599CF0-1348-B853-1A0C-C7F7910EB2A6}"
EndProject
Global
	GlobalSection(SolutionConfigurationPlatforms) = preSolution
		Debug|Any CPU = Debug|Any CPU
		Release|Any CPU = Release|Any CPU
	EndGlobalSection
	GlobalSection(ProjectConfigurationPlatforms) = postSolution
		{ED6A12C4-E2B4-C8E5-5E81-3F38529554E4}.Debug|Any CPU.ActiveCfg = Debug|Any CPU
		{ED6A12C4-E2B4-C8E5-5E81-3F38529554E4}.Debug|Any CPU.Build.0 = Debug|Any CPU
		{ED6A12C4-E2B4-C8E5-5E81-3F38529554E4}.Release|Any CPU.ActiveCfg = Release|Any CPU
		{ED6A12C4-E2B4-C8E5-5E81-3F38529554E4}.Release|Any CPU.Build.0 = Release|Any CPU
		{D3599CF0-1348-B853-1A0C-C7F7910EB2A6}.Debug|Any CPU.ActiveCfg = Debug|Any CPU
		{D3599CF0-1348-B853-1A0C-C7F7910EB2A6}.Debug|Any CPU.Build.0 = Debug|Any CPU
		{D3599CF0-1348-B853-1A0C-C7F7910EB2A6}.Release|Any CPU.ActiveCfg = Release|Any CPU
		{D3599CF0-1348-B853-1A0C-C7F7910EB2A6}.Release|Any CPU.Build.0 = Release|Any CPU
	EndGlobalSection
	GlobalSection(SolutionProperties) = preSolution
		HideSolutionNode = FALSE
	EndGlobalSection
	GlobalSection(NestedProjects) = preSolution
		{ED6A12C4-E2B4-C8E5-5E81-3F38529554E4} = {1C819DDE-C990-7D0A-CD14-B8F76BB7D811}
		{D3599CF0-1348-B853-1A0C-C7F7910EB2A6} = {1C819DDE-C990-7D0A-CD14-B8F76BB7D811}
	EndGlobalSection
	GlobalSection(ExtensibilityGlobals) = postSolution
		SolutionGuid = {38D4536D-31A3-4C4E-93FD-8BFD35BDD8A5}
	EndGlobalSection
EndGlobal
